
Microsoft Visual Studio Solution File, Format Version 12.00
# Visual Studio Version 16
VisualStudioVersion = 16.0.30907.101
MinimumVisualStudioVersion = 10.0.40219.1
Project("{FAE04EC0-301F-11D3-BF4B-00C04F79EFBC}") = "WorldOfGamers", "WorldOfGamers\WorldOfGamers.csproj", "{FF0723CF-8463-4F47-9829-C366B3F48DC0}"
EndProject
Global
	GlobalSection(SolutionConfigurationPlatforms) = preSolution
		Debug|Any CPU = Debug|Any CPU
		Release|Any CPU = Release|Any CPU
	EndGlobalSection
	GlobalSection(ProjectConfigurationPlatforms) = postSolution
		{FF0723CF-8463-4F47-9829-C366B3F48DC0}.Debug|Any CPU.ActiveCfg = Debug|Any CPU
		{FF0723CF-8463-4F47-9829-C366B3F48DC0}.Debug|Any CPU.Build.0 = Debug|Any CPU
		{FF0723CF-8463-4F47-9829-C366B3F48DC0}.Release|Any CPU.ActiveCfg = Release|Any CPU
		{FF0723CF-8463-4F47-9829-C366B3F48DC0}.Release|Any CPU.Build.0 = Release|Any CPU
	EndGlobalSection
	GlobalSection(SolutionProperties) = preSolution
		HideSolutionNode = FALSE
	EndGlobalSection
	GlobalSection(ExtensibilityGlobals) = postSolution
		SolutionGuid = {D8DF45F1-408C-4FF5-97EE-9C8529128583}
	EndGlobalSection
EndGlobal
